
Microsoft Visual Studio Solution File, Format Version 12.00
# Visual Studio 14
VisualStudioVersion = 14.0.25420.1
MinimumVisualStudioVersion = 10.0.40219.1
Project("{FAE04EC0-301F-11D3-BF4B-00C04F79EFBC}") = "MyFormsApp", "MyFormsApp\MyFormsApp\MyFormsApp.csproj", "{FD59F8D3-CBD8-47C2-84CF-9207B161BFDA}"
EndProject
Project("{FAE04EC0-301F-11D3-BF4B-00C04F79EFBC}") = "MyFormsApp.Droid", "MyFormsApp\MyFormsApp.Droid\MyFormsApp.Droid.csproj", "{E19CDBFC-DB6E-4173-BE31-13FB961B9C2F}"
EndProject
Project("{FAE04EC0-301F-11D3-BF4B-00C04F79EFBC}") = "MyFormsApp.iOS", "MyFormsApp\MyFormsApp.iOS\MyFormsApp.iOS.csproj", "{F730C2FF-0FFE-4E52-B002-8764D9DA5329}"
EndProject
Project("{FAE04EC0-301F-11D3-BF4B-00C04F79EFBC}") = "MyFormsApp.WinPhone", "MyFormsApp\MyFormsApp.WinPhone\MyFormsApp.WinPhone.csproj", "{EB5E63D6-3BEE-4B3F-8DA5-C23AD9E1FD01}"
EndProject
Project("{FAE04EC0-301F-11D3-BF4B-00C04F79EFBC}") = "MyFormsApp.UWP", "MyFormsApp\MyFormsApp.UWP\MyFormsApp.UWP.csproj", "{3861BEA3-9967-45F0-AA4D-1878FBE7CF8E}"
EndProject
Project("{FAE04EC0-301F-11D3-BF4B-00C04F79EFBC}") = "MyFormsApp.Windows", "MyFormsApp\MyFormsApp.Windows\MyFormsApp.Windows.csproj", "{CEE2983A-93BD-43CD-A3B0-7F68F8B46275}"
EndProject
Global
	GlobalSection(SolutionConfigurationPlatforms) = preSolution
		Ad-Hoc|Any CPU = Ad-Hoc|Any CPU
		Ad-Hoc|ARM = Ad-Hoc|ARM
		Ad-Hoc|iPhone = Ad-Hoc|iPhone
		Ad-Hoc|iPhoneSimulator = Ad-Hoc|iPhoneSimulator
		Ad-Hoc|x64 = Ad-Hoc|x64
		Ad-Hoc|x86 = Ad-Hoc|x86
		AppStore|Any CPU = AppStore|Any CPU
		AppStore|ARM = AppStore|ARM
		AppStore|iPhone = AppStore|iPhone
		AppStore|iPhoneSimulator = AppStore|iPhoneSimulator
		AppStore|x64 = AppStore|x64
		AppStore|x86 = AppStore|x86
		Debug|Any CPU = Debug|Any CPU
		Debug|ARM = Debug|ARM
		Debug|iPhone = Debug|iPhone
		Debug|iPhoneSimulator = Debug|iPhoneSimulator
		Debug|x64 = Debug|x64
		Debug|x86 = Debug|x86
		Release|Any CPU = Release|Any CPU
		Release|ARM = Release|ARM
		Release|iPhone = Release|iPhone
		Release|iPhoneSimulator = Release|iPhoneSimulator
		Release|x64 = Release|x64
		Release|x86 = Release|x86
	EndGlobalSection
	GlobalSection(ProjectConfigurationPlatforms) = postSolution
		{FD59F8D3-CBD8-47C2-84CF-9207B161BFDA}.Ad-Hoc|Any CPU.ActiveCfg = Release|Any CPU
		{FD59F8D3-CBD8-47C2-84CF-9207B161BFDA}.Ad-Hoc|Any CPU.Build.0 = Release|Any CPU
		{FD59F8D3-CBD8-47C2-84CF-9207B161BFDA}.Ad-Hoc|ARM.ActiveCfg = Release|Any CPU
		{FD59F8D3-CBD8-47C2-84CF-9207B161BFDA}.Ad-Hoc|ARM.Build.0 = Release|Any CPU
		{FD59F8D3-CBD8-47C2-84CF-9207B161BFDA}.Ad-Hoc|iPhone.ActiveCfg = Release|Any CPU
		{FD59F8D3-CBD8-47C2-84CF-9207B161BFDA}.Ad-Hoc|iPhone.Build.0 = Release|Any CPU
		{FD59F8D3-CBD8-47C2-84CF-9207B161BFDA}.Ad-Hoc|iPhoneSimulator.ActiveCfg = Release|Any CPU
		{FD59F8D3-CBD8-47C2-84CF-9207B161BFDA}.Ad-Hoc|iPhoneSimulator.Build.0 = Release|Any CPU
		{FD59F8D3-CBD8-47C2-84CF-9207B161BFDA}.Ad-Hoc|x64.ActiveCfg = Release|Any CPU
		{FD59F8D3-CBD8-47C2-84CF-9207B161BFDA}.Ad-Hoc|x64.Build.0 = Release|Any CPU
		{FD59F8D3-CBD8-47C2-84CF-9207B161BFDA}.Ad-Hoc|x86.ActiveCfg = Release|Any CPU
		{FD59F8D3-CBD8-47C2-84CF-9207B161BFDA}.Ad-Hoc|x86.Build.0 = Release|Any CPU
		{FD59F8D3-CBD8-47C2-84CF-9207B161BFDA}.AppStore|Any CPU.ActiveCfg = Release|Any CPU
		{FD59F8D3-CBD8-47C2-84CF-9207B161BFDA}.AppStore|Any CPU.Build.0 = Release|Any CPU
		{FD59F8D3-CBD8-47C2-84CF-9207B161BFDA}.AppStore|ARM.ActiveCfg = Release|Any CPU
		{FD59F8D3-CBD8-47C2-84CF-9207B161BFDA}.AppStore|ARM.Build.0 = Release|Any CPU
		{FD59F8D3-CBD8-47C2-84CF-9207B161BFDA}.AppStore|iPhone.ActiveCfg = Release|Any CPU
		{FD59F8D3-CBD8-47C2-84CF-9207B161BFDA}.AppStore|iPhone.Build.0 = Release|Any CPU
		{FD59F8D3-CBD8-47C2-84CF-9207B161BFDA}.AppStore|iPhoneSimulator.ActiveCfg = Release|Any CPU
		{FD59F8D3-CBD8-47C2-84CF-9207B161BFDA}.AppStore|iPhoneSimulator.Build.0 = Release|Any CPU
		{FD59F8D3-CBD8-47C2-84CF-9207B161BFDA}.AppStore|x64.ActiveCfg = Release|Any CPU
		{FD59F8D3-CBD8-47C2-84CF-9207B161BFDA}.AppStore|x64.Build.0 = Release|Any CPU
		{FD59F8D3-CBD8-47C2-84CF-9207B161BFDA}.AppStore|x86.ActiveCfg = Release|Any CPU
		{FD59F8D3-CBD8-47C2-84CF-9207B161BFDA}.AppStore|x86.Build.0 = Release|Any CPU
		{FD59F8D3-CBD8-47C2-84CF-9207B161BFDA}.Debug|Any CPU.ActiveCfg = Debug|Any CPU
		{FD59F8D3-CBD8-47C2-84CF-9207B161BFDA}.Debug|Any CPU.Build.0 = Debug|Any CPU
		{FD59F8D3-CBD8-47C2-84CF-9207B161BFDA}.Debug|ARM.ActiveCfg = Debug|Any CPU
		{FD59F8D3-CBD8-47C2-84CF-9207B161BFDA}.Debug|ARM.Build.0 = Debug|Any CPU
		{FD59F8D3-CBD8-47C2-84CF-9207B161BFDA}.Debug|iPhone.ActiveCfg = Debug|Any CPU
		{FD59F8D3-CBD8-47C2-84CF-9207B161BFDA}.Debug|iPhone.Build.0 = Debug|Any CPU
		{FD59F8D3-CBD8-47C2-84CF-9207B161BFDA}.Debug|iPhoneSimulator.ActiveCfg = Debug|Any CPU
		{FD59F8D3-CBD8-47C2-84CF-9207B161BFDA}.Debug|iPhoneSimulator.Build.0 = Debug|Any CPU
		{FD59F8D3-CBD8-47C2-84CF-9207B161BFDA}.Debug|x64.ActiveCfg = Debug|Any CPU
		{FD59F8D3-CBD8-47C2-84CF-9207B161BFDA}.Debug|x64.Build.0 = Debug|Any CPU
		{FD59F8D3-CBD8-47C2-84CF-9207B161BFDA}.Debug|x86.ActiveCfg = Debug|Any CPU
		{FD59F8D3-CBD8-47C2-84CF-9207B161BFDA}.Debug|x86.Build.0 = Debug|Any CPU
		{FD59F8D3-CBD8-47C2-84CF-9207B161BFDA}.Release|Any CPU.ActiveCfg = Release|Any CPU
		{FD59F8D3-CBD8-47C2-84CF-9207B161BFDA}.Release|Any CPU.Build.0 = Release|Any CPU
		{FD59F8D3-CBD8-47C2-84CF-9207B161BFDA}.Release|ARM.ActiveCfg = Release|Any CPU
		{FD59F8D3-CBD8-47C2-84CF-9207B161BFDA}.Release|ARM.Build.0 = Release|Any CPU
		{FD59F8D3-CBD8-47C2-84CF-9207B161BFDA}.Release|iPhone.ActiveCfg = Release|Any CPU
		{FD59F8D3-CBD8-47C2-84CF-9207B161BFDA}.Release|iPhone.Build.0 = Release|Any CPU
		{FD59F8D3-CBD8-47C2-84CF-9207B161BFDA}.Release|iPhoneSimulator.ActiveCfg = Release|Any CPU
		{FD59F8D3-CBD8-47C2-84CF-9207B161BFDA}.Release|iPhoneSimulator.Build.0 = Release|Any CPU
		{FD59F8D3-CBD8-47C2-84CF-9207B161BFDA}.Release|x64.ActiveCfg = Release|Any CPU
		{FD59F8D3-CBD8-47C2-84CF-9207B161BFDA}.Release|x64.Build.0 = Release|Any CPU
		{FD59F8D3-CBD8-47C2-84CF-9207B161BFDA}.Release|x86.ActiveCfg = Release|Any CPU
		{FD59F8D3-CBD8-47C2-84CF-9207B161BFDA}.Release|x86.Build.0 = Release|Any CPU
		{E19CDBFC-DB6E-4173-BE31-13FB961B9C2F}.Ad-Hoc|Any CPU.ActiveCfg = Release|Any CPU
		{E19CDBFC-DB6E-4173-BE31-13FB961B9C2F}.Ad-Hoc|Any CPU.Build.0 = Release|Any CPU
		{E19CDBFC-DB6E-4173-BE31-13FB961B9C2F}.Ad-Hoc|Any CPU.Deploy.0 = Release|Any CPU
		{E19CDBFC-DB6E-4173-BE31-13FB961B9C2F}.Ad-Hoc|ARM.ActiveCfg = Release|Any CPU
		{E19CDBFC-DB6E-4173-BE31-13FB961B9C2F}.Ad-Hoc|ARM.Build.0 = Release|Any CPU
		{E19CDBFC-DB6E-4173-BE31-13FB961B9C2F}.Ad-Hoc|ARM.Deploy.0 = Release|Any CPU
		{E19CDBFC-DB6E-4173-BE31-13FB961B9C2F}.Ad-Hoc|iPhone.ActiveCfg = Release|Any CPU
		{E19CDBFC-DB6E-4173-BE31-13FB961B9C2F}.Ad-Hoc|iPhone.Build.0 = Release|Any CPU
		{E19CDBFC-DB6E-4173-BE31-13FB961B9C2F}.Ad-Hoc|iPhone.Deploy.0 = Release|Any CPU
		{E19CDBFC-DB6E-4173-BE31-13FB961B9C2F}.Ad-Hoc|iPhoneSimulator.ActiveCfg = Release|Any CPU
		{E19CDBFC-DB6E-4173-BE31-13FB961B9C2F}.Ad-Hoc|iPhoneSimulator.Build.0 = Release|Any CPU
		{E19CDBFC-DB6E-4173-BE31-13FB961B9C2F}.Ad-Hoc|iPhoneSimulator.Deploy.0 = Release|Any CPU
		{E19CDBFC-DB6E-4173-BE31-13FB961B9C2F}.Ad-Hoc|x64.ActiveCfg = Release|Any CPU
		{E19CDBFC-DB6E-4173-BE31-13FB961B9C2F}.Ad-Hoc|x64.Build.0 = Release|Any CPU
		{E19CDBFC-DB6E-4173-BE31-13FB961B9C2F}.Ad-Hoc|x64.Deploy.0 = Release|Any CPU
		{E19CDBFC-DB6E-4173-BE31-13FB961B9C2F}.Ad-Hoc|x86.ActiveCfg = Release|Any CPU
		{E19CDBFC-DB6E-4173-BE31-13FB961B9C2F}.Ad-Hoc|x86.Build.0 = Release|Any CPU
		{E19CDBFC-DB6E-4173-BE31-13FB961B9C2F}.Ad-Hoc|x86.Deploy.0 = Release|Any CPU
		{E19CDBFC-DB6E-4173-BE31-13FB961B9C2F}.AppStore|Any CPU.ActiveCfg = Release|Any CPU
		{E19CDBFC-DB6E-4173-BE31-13FB961B9C2F}.AppStore|Any CPU.Build.0 = Release|Any CPU
		{E19CDBFC-DB6E-4173-BE31-13FB961B9C2F}.AppStore|Any CPU.Deploy.0 = Release|Any CPU
		{E19CDBFC-DB6E-4173-BE31-13FB961B9C2F}.AppStore|ARM.ActiveCfg = Release|Any CPU
		{E19CDBFC-DB6E-4173-BE31-13FB961B9C2F}.AppStore|ARM.Build.0 = Release|Any CPU
		{E19CDBFC-DB6E-4173-BE31-13FB961B9C2F}.AppStore|ARM.Deploy.0 = Release|Any CPU
		{E19CDBFC-DB6E-4173-BE31-13FB961B9C2F}.AppStore|iPhone.ActiveCfg = Release|Any CPU
		{E19CDBFC-DB6E-4173-BE31-13FB961B9C2F}.AppStore|iPhone.Build.0 = Release|Any CPU
		{E19CDBFC-DB6E-4173-BE31-13FB961B9C2F}.AppStore|iPhone.Deploy.0 = Release|Any CPU
		{E19CDBFC-DB6E-4173-BE31-13FB961B9C2F}.AppStore|iPhoneSimulator.ActiveCfg = Release|Any CPU
		{E19CDBFC-DB6E-4173-BE31-13FB961B9C2F}.AppStore|iPhoneSimulator.Build.0 = Release|Any CPU
		{E19CDBFC-DB6E-4173-BE31-13FB961B9C2F}.AppStore|iPhoneSimulator.Deploy.0 = Release|Any CPU
		{E19CDBFC-DB6E-4173-BE31-13FB961B9C2F}.AppStore|x64.ActiveCfg = Release|Any CPU
		{E19CDBFC-DB6E-4173-BE31-13FB961B9C2F}.AppStore|x64.Build.0 = Release|Any CPU
		{E19CDBFC-DB6E-4173-BE31-13FB961B9C2F}.AppStore|x64.Deploy.0 = Release|Any CPU
		{E19CDBFC-DB6E-4173-BE31-13FB961B9C2F}.AppStore|x86.ActiveCfg = Release|Any CPU
		{E19CDBFC-DB6E-4173-BE31-13FB961B9C2F}.AppStore|x86.Build.0 = Release|Any CPU
		{E19CDBFC-DB6E-4173-BE31-13FB961B9C2F}.AppStore|x86.Deploy.0 = Release|Any CPU
		{E19CDBFC-DB6E-4173-BE31-13FB961B9C2F}.Debug|Any CPU.ActiveCfg = Debug|Any CPU
		{E19CDBFC-DB6E-4173-BE31-13FB961B9C2F}.Debug|Any CPU.Build.0 = Debug|Any CPU
		{E19CDBFC-DB6E-4173-BE31-13FB961B9C2F}.Debug|Any CPU.Deploy.0 = Debug|Any CPU
		{E19CDBFC-DB6E-4173-BE31-13FB961B9C2F}.Debug|ARM.ActiveCfg = Debug|Any CPU
		{E19CDBFC-DB6E-4173-BE31-13FB961B9C2F}.Debug|ARM.Build.0 = Debug|Any CPU
		{E19CDBFC-DB6E-4173-BE31-13FB961B9C2F}.Debug|ARM.Deploy.0 = Debug|Any CPU
		{E19CDBFC-DB6E-4173-BE31-13FB961B9C2F}.Debug|iPhone.ActiveCfg = Debug|Any CPU
		{E19CDBFC-DB6E-4173-BE31-13FB961B9C2F}.Debug|iPhone.Build.0 = Debug|Any CPU
		{E19CDBFC-DB6E-4173-BE31-13FB961B9C2F}.Debug|iPhone.Deploy.0 = Debug|Any CPU
		{E19CDBFC-DB6E-4173-BE31-13FB961B9C2F}.Debug|iPhoneSimulator.ActiveCfg = Debug|Any CPU
		{E19CDBFC-DB6E-4173-BE31-13FB961B9C2F}.Debug|iPhoneSimulator.Build.0 = Debug|Any CPU
		{E19CDBFC-DB6E-4173-BE31-13FB961B9C2F}.Debug|iPhoneSimulator.Deploy.0 = Debug|Any CPU
		{E19CDBFC-DB6E-4173-BE31-13FB961B9C2F}.Debug|x64.ActiveCfg = Debug|Any CPU
		{E19CDBFC-DB6E-4173-BE31-13FB961B9C2F}.Debug|x64.Build.0 = Debug|Any CPU
		{E19CDBFC-DB6E-4173-BE31-13FB961B9C2F}.Debug|x64.Deploy.0 = Debug|Any CPU
		{E19CDBFC-DB6E-4173-BE31-13FB961B9C2F}.Debug|x86.ActiveCfg = Debug|Any CPU
		{E19CDBFC-DB6E-4173-BE31-13FB961B9C2F}.Debug|x86.Build.0 = Debug|Any CPU
		{E19CDBFC-DB6E-4173-BE31-13FB961B9C2F}.Debug|x86.Deploy.0 = Debug|Any CPU
		{E19CDBFC-DB6E-4173-BE31-13FB961B9C2F}.Release|Any CPU.ActiveCfg = Release|Any CPU
		{E19CDBFC-DB6E-4173-BE31-13FB961B9C2F}.Release|Any CPU.Build.0 = Release|Any CPU
		{E19CDBFC-DB6E-4173-BE31-13FB961B9C2F}.Release|Any CPU.Deploy.0 = Release|Any CPU
		{E19CDBFC-DB6E-4173-BE31-13FB961B9C2F}.Release|ARM.ActiveCfg = Release|Any CPU
		{E19CDBFC-DB6E-4173-BE31-13FB961B9C2F}.Release|ARM.Build.0 = Release|Any CPU
		{E19CDBFC-DB6E-4173-BE31-13FB961B9C2F}.Release|ARM.Deploy.0 = Release|Any CPU
		{E19CDBFC-DB6E-4173-BE31-13FB961B9C2F}.Release|iPhone.ActiveCfg = Release|Any CPU
		{E19CDBFC-DB6E-4173-BE31-13FB961B9C2F}.Release|iPhone.Build.0 = Release|Any CPU
		{E19CDBFC-DB6E-4173-BE31-13FB961B9C2F}.Release|iPhone.Deploy.0 = Release|Any CPU
		{E19CDBFC-DB6E-4173-BE31-13FB961B9C2F}.Release|iPhoneSimulator.ActiveCfg = Release|Any CPU
		{E19CDBFC-DB6E-4173-BE31-13FB961B9C2F}.Release|iPhoneSimulator.Build.0 = Release|Any CPU
		{E19CDBFC-DB6E-4173-BE31-13FB961B9C2F}.Release|iPhoneSimulator.Deploy.0 = Release|Any CPU
		{E19CDBFC-DB6E-4173-BE31-13FB961B9C2F}.Release|x64.ActiveCfg = Release|Any CPU
		{E19CDBFC-DB6E-4173-BE31-13FB961B9C2F}.Release|x64.Build.0 = Release|Any CPU
		{E19CDBFC-DB6E-4173-BE31-13FB961B9C2F}.Release|x64.Deploy.0 = Release|Any CPU
		{E19CDBFC-DB6E-4173-BE31-13FB961B9C2F}.Release|x86.ActiveCfg = Release|Any CPU
		{E19CDBFC-DB6E-4173-BE31-13FB961B9C2F}.Release|x86.Build.0 = Release|Any CPU
		{E19CDBFC-DB6E-4173-BE31-13FB961B9C2F}.Release|x86.Deploy.0 = Release|Any CPU
		{F730C2FF-0FFE-4E52-B002-8764D9DA5329}.Ad-Hoc|Any CPU.ActiveCfg = Ad-Hoc|iPhone
		{F730C2FF-0FFE-4E52-B002-8764D9DA5329}.Ad-Hoc|ARM.ActiveCfg = Ad-Hoc|iPhone
		{F730C2FF-0FFE-4E52-B002-8764D9DA5329}.Ad-Hoc|iPhone.ActiveCfg = Ad-Hoc|iPhone
		{F730C2FF-0FFE-4E52-B002-8764D9DA5329}.Ad-Hoc|iPhone.Build.0 = Ad-Hoc|iPhone
		{F730C2FF-0FFE-4E52-B002-8764D9DA5329}.Ad-Hoc|iPhoneSimulator.ActiveCfg = Ad-Hoc|iPhoneSimulator
		{F730C2FF-0FFE-4E52-B002-8764D9DA5329}.Ad-Hoc|iPhoneSimulator.Build.0 = Ad-Hoc|iPhoneSimulator
		{F730C2FF-0FFE-4E52-B002-8764D9DA5329}.Ad-Hoc|x64.ActiveCfg = Ad-Hoc|iPhone
		{F730C2FF-0FFE-4E52-B002-8764D9DA5329}.Ad-Hoc|x86.ActiveCfg = Ad-Hoc|iPhone
		{F730C2FF-0FFE-4E52-B002-8764D9DA5329}.AppStore|Any CPU.ActiveCfg = AppStore|iPhone
		{F730C2FF-0FFE-4E52-B002-8764D9DA5329}.AppStore|ARM.ActiveCfg = AppStore|iPhone
		{F730C2FF-0FFE-4E52-B002-8764D9DA5329}.AppStore|iPhone.ActiveCfg = AppStore|iPhone
		{F730C2FF-0FFE-4E52-B002-8764D9DA5329}.AppStore|iPhone.Build.0 = AppStore|iPhone
		{F730C2FF-0FFE-4E52-B002-8764D9DA5329}.AppStore|iPhoneSimulator.ActiveCfg = AppStore|iPhoneSimulator
		{F730C2FF-0FFE-4E52-B002-8764D9DA5329}.AppStore|iPhoneSimulator.Build.0 = AppStore|iPhoneSimulator
		{F730C2FF-0FFE-4E52-B002-8764D9DA5329}.AppStore|x64.ActiveCfg = AppStore|iPhone
		{F730C2FF-0FFE-4E52-B002-8764D9DA5329}.AppStore|x86.ActiveCfg = AppStore|iPhone
		{F730C2FF-0FFE-4E52-B002-8764D9DA5329}.Debug|Any CPU.ActiveCfg = Debug|iPhone
		{F730C2FF-0FFE-4E52-B002-8764D9DA5329}.Debug|ARM.ActiveCfg = Debug|iPhone
		{F730C2FF-0FFE-4E52-B002-8764D9DA5329}.Debug|iPhone.ActiveCfg = Debug|iPhone
		{F730C2FF-0FFE-4E52-B002-8764D9DA5329}.Debug|iPhone.Build.0 = Debug|iPhone
		{F730C2FF-0FFE-4E52-B002-8764D9DA5329}.Debug|iPhoneSimulator.ActiveCfg = Debug|iPhoneSimulator
		{F730C2FF-0FFE-4E52-B002-8764D9DA5329}.Debug|iPhoneSimulator.Build.0 = Debug|iPhoneSimulator
		{F730C2FF-0FFE-4E52-B002-8764D9DA5329}.Debug|x64.ActiveCfg = Debug|iPhone
		{F730C2FF-0FFE-4E52-B002-8764D9DA5329}.Debug|x86.ActiveCfg = Debug|iPhone
		{F730C2FF-0FFE-4E52-B002-8764D9DA5329}.Release|Any CPU.ActiveCfg = Release|iPhone
		{F730C2FF-0FFE-4E52-B002-8764D9DA5329}.Release|ARM.ActiveCfg = Release|iPhone
		{F730C2FF-0FFE-4E52-B002-8764D9DA5329}.Release|iPhone.ActiveCfg = Release|iPhone
		{F730C2FF-0FFE-4E52-B002-8764D9DA5329}.Release|iPhone.Build.0 = Release|iPhone
		{F730C2FF-0FFE-4E52-B002-8764D9DA5329}.Release|iPhoneSimulator.ActiveCfg = Release|iPhoneSimulator
		{F730C2FF-0FFE-4E52-B002-8764D9DA5329}.Release|iPhoneSimulator.Build.0 = Release|iPhoneSimulator
		{F730C2FF-0FFE-4E52-B002-8764D9DA5329}.Release|x64.ActiveCfg = Release|iPhone
		{F730C2FF-0FFE-4E52-B002-8764D9DA5329}.Release|x86.ActiveCfg = Release|iPhone
		{EB5E63D6-3BEE-4B3F-8DA5-C23AD9E1FD01}.Ad-Hoc|Any CPU.ActiveCfg = Release|Any CPU
		{EB5E63D6-3BEE-4B3F-8DA5-C23AD9E1FD01}.Ad-Hoc|Any CPU.Build.0 = Release|Any CPU
		{EB5E63D6-3BEE-4B3F-8DA5-C23AD9E1FD01}.Ad-Hoc|Any CPU.Deploy.0 = Release|Any CPU
		{EB5E63D6-3BEE-4B3F-8DA5-C23AD9E1FD01}.Ad-Hoc|ARM.ActiveCfg = Release|ARM
		{EB5E63D6-3BEE-4B3F-8DA5-C23AD9E1FD01}.Ad-Hoc|ARM.Build.0 = Release|ARM
		{EB5E63D6-3BEE-4B3F-8DA5-C23AD9E1FD01}.Ad-Hoc|ARM.Deploy.0 = Release|ARM
		{EB5E63D6-3BEE-4B3F-8DA5-C23AD9E1FD01}.Ad-Hoc|iPhone.ActiveCfg = Release|Any CPU
		{EB5E63D6-3BEE-4B3F-8DA5-C23AD9E1FD01}.Ad-Hoc|iPhone.Build.0 = Release|Any CPU
		{EB5E63D6-3BEE-4B3F-8DA5-C23AD9E1FD01}.Ad-Hoc|iPhone.Deploy.0 = Release|Any CPU
		{EB5E63D6-3BEE-4B3F-8DA5-C23AD9E1FD01}.Ad-Hoc|iPhoneSimulator.ActiveCfg = Release|Any CPU
		{EB5E63D6-3BEE-4B3F-8DA5-C23AD9E1FD01}.Ad-Hoc|iPhoneSimulator.Build.0 = Release|Any CPU
		{EB5E63D6-3BEE-4B3F-8DA5-C23AD9E1FD01}.Ad-Hoc|iPhoneSimulator.Deploy.0 = Release|Any CPU
		{EB5E63D6-3BEE-4B3F-8DA5-C23AD9E1FD01}.Ad-Hoc|x64.ActiveCfg = Release|Any CPU
		{EB5E63D6-3BEE-4B3F-8DA5-C23AD9E1FD01}.Ad-Hoc|x64.Build.0 = Release|Any CPU
		{EB5E63D6-3BEE-4B3F-8DA5-C23AD9E1FD01}.Ad-Hoc|x64.Deploy.0 = Release|Any CPU
		{EB5E63D6-3BEE-4B3F-8DA5-C23AD9E1FD01}.Ad-Hoc|x86.ActiveCfg = Release|x86
		{EB5E63D6-3BEE-4B3F-8DA5-C23AD9E1FD01}.Ad-Hoc|x86.Build.0 = Release|x86
		{EB5E63D6-3BEE-4B3F-8DA5-C23AD9E1FD01}.Ad-Hoc|x86.Deploy.0 = Release|x86
		{EB5E63D6-3BEE-4B3F-8DA5-C23AD9E1FD01}.AppStore|Any CPU.ActiveCfg = Release|Any CPU
		{EB5E63D6-3BEE-4B3F-8DA5-C23AD9E1FD01}.AppStore|Any CPU.Build.0 = Release|Any CPU
		{EB5E63D6-3BEE-4B3F-8DA5-C23AD9E1FD01}.AppStore|Any CPU.Deploy.0 = Release|Any CPU
		{EB5E63D6-3BEE-4B3F-8DA5-C23AD9E1FD01}.AppStore|ARM.ActiveCfg = Release|ARM
		{EB5E63D6-3BEE-4B3F-8DA5-C23AD9E1FD01}.AppStore|ARM.Build.0 = Release|ARM
		{EB5E63D6-3BEE-4B3F-8DA5-C23AD9E1FD01}.AppStore|ARM.Deploy.0 = Release|ARM
		{EB5E63D6-3BEE-4B3F-8DA5-C23AD9E1FD01}.AppStore|iPhone.ActiveCfg = Release|Any CPU
		{EB5E63D6-3BEE-4B3F-8DA5-C23AD9E1FD01}.AppStore|iPhone.Build.0 = Release|Any CPU
		{EB5E63D6-3BEE-4B3F-8DA5-C23AD9E1FD01}.AppStore|iPhone.Deploy.0 = Release|Any CPU
		{EB5E63D6-3BEE-4B3F-8DA5-C23AD9E1FD01}.AppStore|iPhoneSimulator.ActiveCfg = Release|Any CPU
		{EB5E63D6-3BEE-4B3F-8DA5-C23AD9E1FD01}.AppStore|iPhoneSimulator.Build.0 = Release|Any CPU
		{EB5E63D6-3BEE-4B3F-8DA5-C23AD9E1FD01}.AppStore|iPhoneSimulator.Deploy.0 = Release|Any CPU
		{EB5E63D6-3BEE-4B3F-8DA5-C23AD9E1FD01}.AppStore|x64.ActiveCfg = Release|Any CPU
		{EB5E63D6-3BEE-4B3F-8DA5-C23AD9E1FD01}.AppStore|x64.Build.0 = Release|Any CPU
		{EB5E63D6-3BEE-4B3F-8DA5-C23AD9E1FD01}.AppStore|x64.Deploy.0 = Release|Any CPU
		{EB5E63D6-3BEE-4B3F-8DA5-C23AD9E1FD01}.AppStore|x86.ActiveCfg = Release|x86
		{EB5E63D6-3BEE-4B3F-8DA5-C23AD9E1FD01}.AppStore|x86.Build.0 = Release|x86
		{EB5E63D6-3BEE-4B3F-8DA5-C23AD9E1FD01}.AppStore|x86.Deploy.0 = Release|x86
		{EB5E63D6-3BEE-4B3F-8DA5-C23AD9E1FD01}.Debug|Any CPU.ActiveCfg = Debug|Any CPU
		{EB5E63D6-3BEE-4B3F-8DA5-C23AD9E1FD01}.Debug|Any CPU.Build.0 = Debug|Any CPU
		{EB5E63D6-3BEE-4B3F-8DA5-C23AD9E1FD01}.Debug|Any CPU.Deploy.0 = Debug|Any CPU
		{EB5E63D6-3BEE-4B3F-8DA5-C23AD9E1FD01}.Debug|ARM.ActiveCfg = Debug|ARM
		{EB5E63D6-3BEE-4B3F-8DA5-C23AD9E1FD01}.Debug|ARM.Build.0 = Debug|ARM
		{EB5E63D6-3BEE-4B3F-8DA5-C23AD9E1FD01}.Debug|ARM.Deploy.0 = Debug|ARM
		{EB5E63D6-3BEE-4B3F-8DA5-C23AD9E1FD01}.Debug|iPhone.ActiveCfg = Debug|Any CPU
		{EB5E63D6-3BEE-4B3F-8DA5-C23AD9E1FD01}.Debug|iPhone.Build.0 = Debug|Any CPU
		{EB5E63D6-3BEE-4B3F-8DA5-C23AD9E1FD01}.Debug|iPhone.Deploy.0 = Debug|Any CPU
		{EB5E63D6-3BEE-4B3F-8DA5-C23AD9E1FD01}.Debug|iPhoneSimulator.ActiveCfg = Debug|Any CPU
		{EB5E63D6-3BEE-4B3F-8DA5-C23AD9E1FD01}.Debug|iPhoneSimulator.Build.0 = Debug|Any CPU
		{EB5E63D6-3BEE-4B3F-8DA5-C23AD9E1FD01}.Debug|iPhoneSimulator.Deploy.0 = Debug|Any CPU
		{EB5E63D6-3BEE-4B3F-8DA5-C23AD9E1FD01}.Debug|x64.ActiveCfg = Debug|Any CPU
		{EB5E63D6-3BEE-4B3F-8DA5-C23AD9E1FD01}.Debug|x64.Build.0 = Debug|Any CPU
		{EB5E63D6-3BEE-4B3F-8DA5-C23AD9E1FD01}.Debug|x64.Deploy.0 = Debug|Any CPU
		{EB5E63D6-3BEE-4B3F-8DA5-C23AD9E1FD01}.Debug|x86.ActiveCfg = Debug|x86
		{EB5E63D6-3BEE-4B3F-8DA5-C23AD9E1FD01}.Debug|x86.Build.0 = Debug|x86
		{EB5E63D6-3BEE-4B3F-8DA5-C23AD9E1FD01}.Debug|x86.Deploy.0 = Debug|x86
		{EB5E63D6-3BEE-4B3F-8DA5-C23AD9E1FD01}.Release|Any CPU.ActiveCfg = Release|Any CPU
		{EB5E63D6-3BEE-4B3F-8DA5-C23AD9E1FD01}.Release|Any CPU.Build.0 = Release|Any CPU
		{EB5E63D6-3BEE-4B3F-8DA5-C23AD9E1FD01}.Release|Any CPU.Deploy.0 = Release|Any CPU
		{EB5E63D6-3BEE-4B3F-8DA5-C23AD9E1FD01}.Release|ARM.ActiveCfg = Release|ARM
		{EB5E63D6-3BEE-4B3F-8DA5-C23AD9E1FD01}.Release|ARM.Build.0 = Release|ARM
		{EB5E63D6-3BEE-4B3F-8DA5-C23AD9E1FD01}.Release|ARM.Deploy.0 = Release|ARM
		{EB5E63D6-3BEE-4B3F-8DA5-C23AD9E1FD01}.Release|iPhone.ActiveCfg = Release|Any CPU
		{EB5E63D6-3BEE-4B3F-8DA5-C23AD9E1FD01}.Release|iPhone.Build.0 = Release|Any CPU
		{EB5E63D6-3BEE-4B3F-8DA5-C23AD9E1FD01}.Release|iPhone.Deploy.0 = Release|Any CPU
		{EB5E63D6-3BEE-4B3F-8DA5-C23AD9E1FD01}.Release|iPhoneSimulator.ActiveCfg = Release|Any CPU
		{EB5E63D6-3BEE-4B3F-8DA5-C23AD9E1FD01}.Release|iPhoneSimulator.Build.0 = Release|Any CPU
		{EB5E63D6-3BEE-4B3F-8DA5-C23AD9E1FD01}.Release|iPhoneSimulator.Deploy.0 = Release|Any CPU
		{EB5E63D6-3BEE-4B3F-8DA5-C23AD9E1FD01}.Release|x64.ActiveCfg = Release|Any CPU
		{EB5E63D6-3BEE-4B3F-8DA5-C23AD9E1FD01}.Release|x64.Build.0 = Release|Any CPU
		{EB5E63D6-3BEE-4B3F-8DA5-C23AD9E1FD01}.Release|x64.Deploy.0 = Release|Any CPU
		{EB5E63D6-3BEE-4B3F-8DA5-C23AD9E1FD01}.Release|x86.ActiveCfg = Release|x86
		{EB5E63D6-3BEE-4B3F-8DA5-C23AD9E1FD01}.Release|x86.Build.0 = Release|x86
		{EB5E63D6-3BEE-4B3F-8DA5-C23AD9E1FD01}.Release|x86.Deploy.0 = Release|x86
		{3861BEA3-9967-45F0-AA4D-1878FBE7CF8E}.Ad-Hoc|Any CPU.ActiveCfg = Release|x86
		{3861BEA3-9967-45F0-AA4D-1878FBE7CF8E}.Ad-Hoc|Any CPU.Build.0 = Release|x86
		{3861BEA3-9967-45F0-AA4D-1878FBE7CF8E}.Ad-Hoc|Any CPU.Deploy.0 = Release|x86
		{3861BEA3-9967-45F0-AA4D-1878FBE7CF8E}.Ad-Hoc|ARM.ActiveCfg = Release|ARM
		{3861BEA3-9967-45F0-AA4D-1878FBE7CF8E}.Ad-Hoc|ARM.Build.0 = Release|ARM
		{3861BEA3-9967-45F0-AA4D-1878FBE7CF8E}.Ad-Hoc|ARM.Deploy.0 = Release|ARM
		{3861BEA3-9967-45F0-AA4D-1878FBE7CF8E}.Ad-Hoc|iPhone.ActiveCfg = Release|x86
		{3861BEA3-9967-45F0-AA4D-1878FBE7CF8E}.Ad-Hoc|iPhone.Build.0 = Release|x86
		{3861BEA3-9967-45F0-AA4D-1878FBE7CF8E}.Ad-Hoc|iPhone.Deploy.0 = Release|x86
		{3861BEA3-9967-45F0-AA4D-1878FBE7CF8E}.Ad-Hoc|iPhoneSimulator.ActiveCfg = Release|x86
		{3861BEA3-9967-45F0-AA4D-1878FBE7CF8E}.Ad-Hoc|iPhoneSimulator.Build.0 = Release|x86
		{3861BEA3-9967-45F0-AA4D-1878FBE7CF8E}.Ad-Hoc|iPhoneSimulator.Deploy.0 = Release|x86
		{3861BEA3-9967-45F0-AA4D-1878FBE7CF8E}.Ad-Hoc|x64.ActiveCfg = Release|x64
		{3861BEA3-9967-45F0-AA4D-1878FBE7CF8E}.Ad-Hoc|x64.Build.0 = Release|x64
		{3861BEA3-9967-45F0-AA4D-1878FBE7CF8E}.Ad-Hoc|x64.Deploy.0 = Release|x64
		{3861BEA3-9967-45F0-AA4D-1878FBE7CF8E}.Ad-Hoc|x86.ActiveCfg = Release|x86
		{3861BEA3-9967-45F0-AA4D-1878FBE7CF8E}.Ad-Hoc|x86.Build.0 = Release|x86
		{3861BEA3-9967-45F0-AA4D-1878FBE7CF8E}.Ad-Hoc|x86.Deploy.0 = Release|x86
		{3861BEA3-9967-45F0-AA4D-1878FBE7CF8E}.AppStore|Any CPU.ActiveCfg = Release|x86
		{3861BEA3-9967-45F0-AA4D-1878FBE7CF8E}.AppStore|Any CPU.Build.0 = Release|x86
		{3861BEA3-9967-45F0-AA4D-1878FBE7CF8E}.AppStore|Any CPU.Deploy.0 = Release|x86
		{3861BEA3-9967-45F0-AA4D-1878FBE7CF8E}.AppStore|ARM.ActiveCfg = Release|ARM
		{3861BEA3-9967-45F0-AA4D-1878FBE7CF8E}.AppStore|ARM.Build.0 = Release|ARM
		{3861BEA3-9967-45F0-AA4D-1878FBE7CF8E}.AppStore|ARM.Deploy.0 = Release|ARM
		{3861BEA3-9967-45F0-AA4D-1878FBE7CF8E}.AppStore|iPhone.ActiveCfg = Release|x86
		{3861BEA3-9967-45F0-AA4D-1878FBE7CF8E}.AppStore|iPhone.Build.0 = Release|x86
		{3861BEA3-9967-45F0-AA4D-1878FBE7CF8E}.AppStore|iPhone.Deploy.0 = Release|x86
		{3861BEA3-9967-45F0-AA4D-1878FBE7CF8E}.AppStore|iPhoneSimulator.ActiveCfg = Release|x86
		{3861BEA3-9967-45F0-AA4D-1878FBE7CF8E}.AppStore|iPhoneSimulator.Build.0 = Release|x86
		{3861BEA3-9967-45F0-AA4D-1878FBE7CF8E}.AppStore|iPhoneSimulator.Deploy.0 = Release|x86
		{3861BEA3-9967-45F0-AA4D-1878FBE7CF8E}.AppStore|x64.ActiveCfg = Release|x64
		{3861BEA3-9967-45F0-AA4D-1878FBE7CF8E}.AppStore|x64.Build.0 = Release|x64
		{3861BEA3-9967-45F0-AA4D-1878FBE7CF8E}.AppStore|x64.Deploy.0 = Release|x64
		{3861BEA3-9967-45F0-AA4D-1878FBE7CF8E}.AppStore|x86.ActiveCfg = Release|x86
		{3861BEA3-9967-45F0-AA4D-1878FBE7CF8E}.AppStore|x86.Build.0 = Release|x86
		{3861BEA3-9967-45F0-AA4D-1878FBE7CF8E}.AppStore|x86.Deploy.0 = Release|x86
		{3861BEA3-9967-45F0-AA4D-1878FBE7CF8E}.Debug|Any CPU.ActiveCfg = Debug|x86
		{3861BEA3-9967-45F0-AA4D-1878FBE7CF8E}.Debug|ARM.ActiveCfg = Debug|ARM
		{3861BEA3-9967-45F0-AA4D-1878FBE7CF8E}.Debug|ARM.Build.0 = Debug|ARM
		{3861BEA3-9967-45F0-AA4D-1878FBE7CF8E}.Debug|ARM.Deploy.0 = Debug|ARM
		{3861BEA3-9967-45F0-AA4D-1878FBE7CF8E}.Debug|iPhone.ActiveCfg = Debug|x86
		{3861BEA3-9967-45F0-AA4D-1878FBE7CF8E}.Debug|iPhoneSimulator.ActiveCfg = Debug|x86
		{3861BEA3-9967-45F0-AA4D-1878FBE7CF8E}.Debug|x64.ActiveCfg = Debug|x64
		{3861BEA3-9967-45F0-AA4D-1878FBE7CF8E}.Debug|x64.Build.0 = Debug|x64
		{3861BEA3-9967-45F0-AA4D-1878FBE7CF8E}.Debug|x64.Deploy.0 = Debug|x64
		{3861BEA3-9967-45F0-AA4D-1878FBE7CF8E}.Debug|x86.ActiveCfg = Debug|x86
		{3861BEA3-9967-45F0-AA4D-1878FBE7CF8E}.Debug|x86.Build.0 = Debug|x86
		{3861BEA3-9967-45F0-AA4D-1878FBE7CF8E}.Debug|x86.Deploy.0 = Debug|x86
		{3861BEA3-9967-45F0-AA4D-1878FBE7CF8E}.Release|Any CPU.ActiveCfg = Release|x86
		{3861BEA3-9967-45F0-AA4D-1878FBE7CF8E}.Release|ARM.ActiveCfg = Release|ARM
		{3861BEA3-9967-45F0-AA4D-1878FBE7CF8E}.Release|ARM.Build.0 = Release|ARM
		{3861BEA3-9967-45F0-AA4D-1878FBE7CF8E}.Release|ARM.Deploy.0 = Release|ARM
		{3861BEA3-9967-45F0-AA4D-1878FBE7CF8E}.Release|iPhone.ActiveCfg = Release|x86
		{3861BEA3-9967-45F0-AA4D-1878FBE7CF8E}.Release|iPhoneSimulator.ActiveCfg = Release|x86
		{3861BEA3-9967-45F0-AA4D-1878FBE7CF8E}.Release|x64.ActiveCfg = Release|x64
		{3861BEA3-9967-45F0-AA4D-1878FBE7CF8E}.Release|x64.Build.0 = Release|x64
		{3861BEA3-9967-45F0-AA4D-1878FBE7CF8E}.Release|x64.Deploy.0 = Release|x64
		{3861BEA3-9967-45F0-AA4D-1878FBE7CF8E}.Release|x86.ActiveCfg = Release|x86
		{3861BEA3-9967-45F0-AA4D-1878FBE7CF8E}.Release|x86.Build.0 = Release|x86
		{3861BEA3-9967-45F0-AA4D-1878FBE7CF8E}.Release|x86.Deploy.0 = Release|x86
		{CEE2983A-93BD-43CD-A3B0-7F68F8B46275}.Ad-Hoc|Any CPU.ActiveCfg = Release|Any CPU
		{CEE2983A-93BD-43CD-A3B0-7F68F8B46275}.Ad-Hoc|Any CPU.Build.0 = Release|Any CPU
		{CEE2983A-93BD-43CD-A3B0-7F68F8B46275}.Ad-Hoc|Any CPU.Deploy.0 = Release|Any CPU
		{CEE2983A-93BD-43CD-A3B0-7F68F8B46275}.Ad-Hoc|ARM.ActiveCfg = Release|ARM
		{CEE2983A-93BD-43CD-A3B0-7F68F8B46275}.Ad-Hoc|ARM.Build.0 = Release|ARM
		{CEE2983A-93BD-43CD-A3B0-7F68F8B46275}.Ad-Hoc|ARM.Deploy.0 = Release|ARM
		{CEE2983A-93BD-43CD-A3B0-7F68F8B46275}.Ad-Hoc|iPhone.ActiveCfg = Release|Any CPU
		{CEE2983A-93BD-43CD-A3B0-7F68F8B46275}.Ad-Hoc|iPhone.Build.0 = Release|Any CPU
		{CEE2983A-93BD-43CD-A3B0-7F68F8B46275}.Ad-Hoc|iPhone.Deploy.0 = Release|Any CPU
		{CEE2983A-93BD-43CD-A3B0-7F68F8B46275}.Ad-Hoc|iPhoneSimulator.ActiveCfg = Release|Any CPU
		{CEE2983A-93BD-43CD-A3B0-7F68F8B46275}.Ad-Hoc|iPhoneSimulator.Build.0 = Release|Any CPU
		{CEE2983A-93BD-43CD-A3B0-7F68F8B46275}.Ad-Hoc|iPhoneSimulator.Deploy.0 = Release|Any CPU
		{CEE2983A-93BD-43CD-A3B0-7F68F8B46275}.Ad-Hoc|x64.ActiveCfg = Release|x64
		{CEE2983A-93BD-43CD-A3B0-7F68F8B46275}.Ad-Hoc|x64.Build.0 = Release|x64
		{CEE2983A-93BD-43CD-A3B0-7F68F8B46275}.Ad-Hoc|x64.Deploy.0 = Release|x64
		{CEE2983A-93BD-43CD-A3B0-7F68F8B46275}.Ad-Hoc|x86.ActiveCfg = Release|x86
		{CEE2983A-93BD-43CD-A3B0-7F68F8B46275}.Ad-Hoc|x86.Build.0 = Release|x86
		{CEE2983A-93BD-43CD-A3B0-7F68F8B46275}.Ad-Hoc|x86.Deploy.0 = Release|x86
		{CEE2983A-93BD-43CD-A3B0-7F68F8B46275}.AppStore|Any CPU.ActiveCfg = Release|Any CPU
		{CEE2983A-93BD-43CD-A3B0-7F68F8B46275}.AppStore|Any CPU.Build.0 = Release|Any CPU
		{CEE2983A-93BD-43CD-A3B0-7F68F8B46275}.AppStore|Any CPU.Deploy.0 = Release|Any CPU
		{CEE2983A-93BD-43CD-A3B0-7F68F8B46275}.AppStore|ARM.ActiveCfg = Release|ARM
		{CEE2983A-93BD-43CD-A3B0-7F68F8B46275}.AppStore|ARM.Build.0 = Release|ARM
		{CEE2983A-93BD-43CD-A3B0-7F68F8B46275}.AppStore|ARM.Deploy.0 = Release|ARM
		{CEE2983A-93BD-43CD-A3B0-7F68F8B46275}.AppStore|iPhone.ActiveCfg = Release|Any CPU
		{CEE2983A-93BD-43CD-A3B0-7F68F8B46275}.AppStore|iPhone.Build.0 = Release|Any CPU
		{CEE2983A-93BD-43CD-A3B0-7F68F8B46275}.AppStore|iPhone.Deploy.0 = Release|Any CPU
		{CEE2983A-93BD-43CD-A3B0-7F68F8B46275}.AppStore|iPhoneSimulator.ActiveCfg = Release|Any CPU
		{CEE2983A-93BD-43CD-A3B0-7F68F8B46275}.AppStore|iPhoneSimulator.Build.0 = Release|Any CPU
		{CEE2983A-93BD-43CD-A3B0-7F68F8B46275}.AppStore|iPhoneSimulator.Deploy.0 = Release|Any CPU
		{CEE2983A-93BD-43CD-A3B0-7F68F8B46275}.AppStore|x64.ActiveCfg = Release|x64
		{CEE2983A-93BD-43CD-A3B0-7F68F8B46275}.AppStore|x64.Build.0 = Release|x64
		{CEE2983A-93BD-43CD-A3B0-7F68F8B46275}.AppStore|x64.Deploy.0 = Release|x64
		{CEE2983A-93BD-43CD-A3B0-7F68F8B46275}.AppStore|x86.ActiveCfg = Release|x86
		{CEE2983A-93BD-43CD-A3B0-7F68F8B46275}.AppStore|x86.Build.0 = Release|x86
		{CEE2983A-93BD-43CD-A3B0-7F68F8B46275}.AppStore|x86.Deploy.0 = Release|x86
		{CEE2983A-93BD-43CD-A3B0-7F68F8B46275}.Debug|Any CPU.ActiveCfg = Debug|Any CPU
		{CEE2983A-93BD-43CD-A3B0-7F68F8B46275}.Debug|Any CPU.Build.0 = Debug|Any CPU
		{CEE2983A-93BD-43CD-A3B0-7F68F8B46275}.Debug|Any CPU.Deploy.0 = Debug|Any CPU
		{CEE2983A-93BD-43CD-A3B0-7F68F8B46275}.Debug|ARM.ActiveCfg = Debug|ARM
		{CEE2983A-93BD-43CD-A3B0-7F68F8B46275}.Debug|ARM.Build.0 = Debug|ARM
		{CEE2983A-93BD-43CD-A3B0-7F68F8B46275}.Debug|ARM.Deploy.0 = Debug|ARM
		{CEE2983A-93BD-43CD-A3B0-7F68F8B46275}.Debug|iPhone.ActiveCfg = Debug|Any CPU
		{CEE2983A-93BD-43CD-A3B0-7F68F8B46275}.Debug|iPhone.Build.0 = Debug|Any CPU
		{CEE2983A-93BD-43CD-A3B0-7F68F8B46275}.Debug|iPhone.Deploy.0 = Debug|Any CPU
		{CEE2983A-93BD-43CD-A3B0-7F68F8B46275}.Debug|iPhoneSimulator.ActiveCfg = Debug|Any CPU
		{CEE2983A-93BD-43CD-A3B0-7F68F8B46275}.Debug|iPhoneSimulator.Build.0 = Debug|Any CPU
		{CEE2983A-93BD-43CD-A3B0-7F68F8B46275}.Debug|iPhoneSimulator.Deploy.0 = Debug|Any CPU
		{CEE2983A-93BD-43CD-A3B0-7F68F8B46275}.Debug|x64.ActiveCfg = Debug|x64
		{CEE2983A-93BD-43CD-A3B0-7F68F8B46275}.Debug|x64.Build.0 = Debug|x64
		{CEE2983A-93BD-43CD-A3B0-7F68F8B46275}.Debug|x64.Deploy.0 = Debug|x64
		{CEE2983A-93BD-43CD-A3B0-7F68F8B46275}.Debug|x86.ActiveCfg = Debug|x86
		{CEE2983A-93BD-43CD-A3B0-7F68F8B46275}.Debug|x86.Build.0 = Debug|x86
		{CEE2983A-93BD-43CD-A3B0-7F68F8B46275}.Debug|x86.Deploy.0 = Debug|x86
		{CEE2983A-93BD-43CD-A3B0-7F68F8B46275}.Release|Any CPU.ActiveCfg = Release|Any CPU
		{CEE2983A-93BD-43CD-A3B0-7F68F8B46275}.Release|Any CPU.Build.0 = Release|Any CPU
		{CEE2983A-93BD-43CD-A3B0-7F68F8B46275}.Release|Any CPU.Deploy.0 = Release|Any CPU
		{CEE2983A-93BD-43CD-A3B0-7F68F8B46275}.Release|ARM.ActiveCfg = Release|ARM
		{CEE2983A-93BD-43CD-A3B0-7F68F8B46275}.Release|ARM.Build.0 = Release|ARM
		{CEE2983A-93BD-43CD-A3B0-7F68F8B46275}.Release|ARM.Deploy.0 = Release|ARM
		{CEE2983A-93BD-43CD-A3B0-7F68F8B46275}.Release|iPhone.ActiveCfg = Release|Any CPU
		{CEE2983A-93BD-43CD-A3B0-7F68F8B46275}.Release|iPhone.Build.0 = Release|Any CPU
		{CEE2983A-93BD-43CD-A3B0-7F68F8B46275}.Release|iPhone.Deploy.0 = Release|Any CPU
		{CEE2983A-93BD-43CD-A3B0-7F68F8B46275}.Release|iPhoneSimulator.ActiveCfg = Release|Any CPU
		{CEE2983A-93BD-43CD-A3B0-7F68F8B46275}.Release|iPhoneSimulator.Build.0 = Release|Any CPU
		{CEE2983A-93BD-43CD-A3B0-7F68F8B46275}.Release|iPhoneSimulator.Deploy.0 = Release|Any CPU
		{CEE2983A-93BD-43CD-A3B0-7F68F8B46275}.Release|x64.ActiveCfg = Release|x64
		{CEE2983A-93BD-43CD-A3B0-7F68F8B46275}.Release|x64.Build.0 = Release|x64
		{CEE2983A-93BD-43CD-A3B0-7F68F8B46275}.Release|x64.Deploy.0 = Release|x64
		{CEE2983A-93BD-43CD-A3B0-7F68F8B46275}.Release|x86.ActiveCfg = Release|x86
		{CEE2983A-93BD-43CD-A3B0-7F68F8B46275}.Release|x86.Build.0 = Release|x86
		{CEE2983A-93BD-43CD-A3B0-7F68F8B46275}.Release|x86.Deploy.0 = Release|x86
	EndGlobalSection
	GlobalSection(SolutionProperties) = preSolution
		HideSolutionNode = FALSE
	EndGlobalSection
EndGlobal
